// !$*UTF8*$!
{
	archiveVersion = 1;
	classes = {
	};
	objectVersion = 50;
	objects = {

/* Begin PBXBuildFile section */
		284401D02626F26C00E01A5B /* AppDelegate.swift in Sources */ = {isa = PBXBuildFile; fileRef = 284401CF2626F26C00E01A5B /* AppDelegate.swift */; };
		284401D22626F26C00E01A5B /* SceneDelegate.swift in Sources */ = {isa = PBXBuildFile; fileRef = 284401D12626F26C00E01A5B /* SceneDelegate.swift */; };
		284401D72626F26C00E01A5B /* Main.storyboard in Resources */ = {isa = PBXBuildFile; fileRef = 284401D52626F26C00E01A5B /* Main.storyboard */; };
		284401D92626F26D00E01A5B /* Assets.xcassets in Resources */ = {isa = PBXBuildFile; fileRef = 284401D82626F26D00E01A5B /* Assets.xcassets */; };
		284401DC2626F26D00E01A5B /* LaunchScreen.storyboard in Resources */ = {isa = PBXBuildFile; fileRef = 284401DA2626F26D00E01A5B /* LaunchScreen.storyboard */; };
		284401ED2626F8EC00E01A5B /* ContactListViewController.swift in Sources */ = {isa = PBXBuildFile; fileRef = 284401EC2626F8EC00E01A5B /* ContactListViewController.swift */; };
		284401F02626F96500E01A5B /* PersonDetailViewController.swift in Sources */ = {isa = PBXBuildFile; fileRef = 284401EF2626F96500E01A5B /* PersonDetailViewController.swift */; };
		284401F42626FB4900E01A5B /* PersonModel.swift in Sources */ = {isa = PBXBuildFile; fileRef = 284401F32626FB4900E01A5B /* PersonModel.swift */; };
		284401F82626FEC100E01A5B /* Arrays.swift in Sources */ = {isa = PBXBuildFile; fileRef = 284401F72626FEC100E01A5B /* Arrays.swift */; };
/* End PBXBuildFile section */

/* Begin PBXFileReference section */
		284401CC2626F26C00E01A5B /* ContactList.app */ = {isa = PBXFileReference; explicitFileType = wrapper.application; includeInIndex = 0; path = ContactList.app; sourceTree = BUILT_PRODUCTS_DIR; };
		284401CF2626F26C00E01A5B /* AppDelegate.swift */ = {isa = PBXFileReference; lastKnownFileType = sourcecode.swift; path = AppDelegate.swift; sourceTree = "<group>"; };
		284401D12626F26C00E01A5B /* SceneDelegate.swift */ = {isa = PBXFileReference; lastKnownFileType = sourcecode.swift; path = SceneDelegate.swift; sourceTree = "<group>"; };
		284401D62626F26C00E01A5B /* Base */ = {isa = PBXFileReference; lastKnownFileType = file.storyboard; name = Base; path = Base.lproj/Main.storyboard; sourceTree = "<group>"; };
		284401D82626F26D00E01A5B /* Assets.xcassets */ = {isa = PBXFileReference; lastKnownFileType = folder.assetcatalog; path = Assets.xcassets; sourceTree = "<group>"; };
		284401DB2626F26D00E01A5B /* Base */ = {isa = PBXFileReference; lastKnownFileType = file.storyboard; name = Base; path = Base.lproj/LaunchScreen.storyboard; sourceTree = "<group>"; };
		284401DD2626F26D00E01A5B /* Info.plist */ = {isa = PBXFileReference; lastKnownFileType = text.plist.xml; path = Info.plist; sourceTree = "<group>"; };
		284401EC2626F8EC00E01A5B /* ContactListViewController.swift */ = {isa = PBXFileReference; lastKnownFileType = sourcecode.swift; path = ContactListViewController.swift; sourceTree = "<group>"; };
		284401EF2626F96500E01A5B /* PersonDetailViewController.swift */ = {isa = PBXFileReference; lastKnownFileType = sourcecode.swift; path = PersonDetailViewController.swift; sourceTree = "<group>"; };
		284401F32626FB4900E01A5B /* PersonModel.swift */ = {isa = PBXFileReference; lastKnownFileType = sourcecode.swift; path = PersonModel.swift; sourceTree = "<group>"; };
		284401F72626FEC100E01A5B /* Arrays.swift */ = {isa = PBXFileReference; lastKnownFileType = sourcecode.swift; path = Arrays.swift; sourceTree = "<group>"; };
/* End PBXFileReference section */

/* Begin PBXFrameworksBuildPhase section */
		284401C92626F26C00E01A5B /* Frameworks */ = {
			isa = PBXFrameworksBuildPhase;
			buildActionMask = 2147483647;
			files = (
			);
			runOnlyForDeploymentPostprocessing = 0;
		};
/* End PBXFrameworksBuildPhase section */

/* Begin PBXGroup section */
		284401C32626F26C00E01A5B = {
			isa = PBXGroup;
			children = (
				284401CE2626F26C00E01A5B /* ContactList */,
				284401CD2626F26C00E01A5B /* Products */,
			);
			sourceTree = "<group>";
		};
		284401CD2626F26C00E01A5B /* Products */ = {
			isa = PBXGroup;
			children = (
				284401CC2626F26C00E01A5B /* ContactList.app */,
			);
			name = Products;
			sourceTree = "<group>";
		};
		284401CE2626F26C00E01A5B /* ContactList */ = {
			isa = PBXGroup;
			children = (
				284401E62626F2E300E01A5B /* ViewControllers */,
				284401F22626FB2600E01A5B /* Models */,
				284401E42626F2CF00E01A5B /* Storyboards */,
				284401E82626F2EE00E01A5B /* Resources */,
				284401E92626F2F700E01A5B /* Supporting */,
			);
			path = ContactList;
			sourceTree = "<group>";
		};
		284401E42626F2CF00E01A5B /* Storyboards */ = {
			isa = PBXGroup;
			children = (
				284401D52626F26C00E01A5B /* Main.storyboard */,
				284401DA2626F26D00E01A5B /* LaunchScreen.storyboard */,
			);
			path = Storyboards;
			sourceTree = "<group>";
		};
		284401E62626F2E300E01A5B /* ViewControllers */ = {
			isa = PBXGroup;
			children = (
				284401EC2626F8EC00E01A5B /* ContactListViewController.swift */,
				284401EF2626F96500E01A5B /* PersonDetailViewController.swift */,
			);
			path = ViewControllers;
			sourceTree = "<group>";
		};
		284401E82626F2EE00E01A5B /* Resources */ = {
			isa = PBXGroup;
			children = (
				284401D82626F26D00E01A5B /* Assets.xcassets */,
			);
			path = Resources;
			sourceTree = "<group>";
		};
		284401E92626F2F700E01A5B /* Supporting */ = {
			isa = PBXGroup;
			children = (
				284401CF2626F26C00E01A5B /* AppDelegate.swift */,
				284401D12626F26C00E01A5B /* SceneDelegate.swift */,
				284401DD2626F26D00E01A5B /* Info.plist */,
				284401F72626FEC100E01A5B /* Arrays.swift */,
			);
			path = Supporting;
			sourceTree = "<group>";
		};
		284401F22626FB2600E01A5B /* Models */ = {
			isa = PBXGroup;
			children = (
				284401F32626FB4900E01A5B /* PersonModel.swift */,
			);
			path = Models;
			sourceTree = "<group>";
		};
/* End PBXGroup section */

/* Begin PBXNativeTarget section */
		284401CB2626F26C00E01A5B /* ContactList */ = {
			isa = PBXNativeTarget;
			buildConfigurationList = 284401E02626F26D00E01A5B /* Build configuration list for PBXNativeTarget "ContactList" */;
			buildPhases = (
				284401C82626F26C00E01A5B /* Sources */,
				284401C92626F26C00E01A5B /* Frameworks */,
				284401CA2626F26C00E01A5B /* Resources */,
			);
			buildRules = (
			);
			dependencies = (
			);
			name = ContactList;
			productName = ContactList;
			productReference = 284401CC2626F26C00E01A5B /* ContactList.app */;
			productType = "com.apple.product-type.application";
		};
/* End PBXNativeTarget section */

/* Begin PBXProject section */
		284401C42626F26C00E01A5B /* Project object */ = {
			isa = PBXProject;
			attributes = {
				LastSwiftUpdateCheck = 1240;
				LastUpgradeCheck = 1240;
				TargetAttributes = {
					284401CB2626F26C00E01A5B = {
						CreatedOnToolsVersion = 12.4;
					};
				};
			};
			buildConfigurationList = 284401C72626F26C00E01A5B /* Build configuration list for PBXProject "ContactList" */;
			compatibilityVersion = "Xcode 9.3";
			developmentRegion = en;
			hasScannedForEncodings = 0;
			knownRegions = (
				en,
				Base,
			);
			mainGroup = 284401C32626F26C00E01A5B;
			productRefGroup = 284401CD2626F26C00E01A5B /* Products */;
			projectDirPath = "";
			projectRoot = "";
			targets = (
				284401CB2626F26C00E01A5B /* ContactList */,
			);
		};
/* End PBXProject section */

/* Begin PBXResourcesBuildPhase section */
		284401CA2626F26C00E01A5B /* Resources */ = {
			isa = PBXResourcesBuildPhase;
			buildActionMask = 2147483647;
			files = (
				284401DC2626F26D00E01A5B /* LaunchScreen.storyboard in Resources */,
				284401D92626F26D00E01A5B /* Assets.xcassets in Resources */,
				284401D72626F26C00E01A5B /* Main.storyboard in Resources */,
			);
			runOnlyForDeploymentPostprocessing = 0;
		};
/* End PBXResourcesBuildPhase section */

/* Begin PBXSourcesBuildPhase section */
		284401C82626F26C00E01A5B /* Sources */ = {
			isa = PBXSourcesBuildPhase;
			buildActionMask = 2147483647;
			files = (
				284401D02626F26C00E01A5B /* AppDelegate.swift in Sources */,
				284401F82626FEC100E01A5B /* Arrays.swift in Sources */,
				284401D22626F26C00E01A5B /* SceneDelegate.swift in Sources */,
				284401F42626FB4900E01A5B /* PersonModel.swift in Sources */,
				284401F02626F96500E01A5B /* PersonDetailViewController.swift in Sources */,
				284401ED2626F8EC00E01A5B /* ContactListViewController.swift in Sources */,
			);
			runOnlyForDeploymentPostprocessing = 0;
		};
/* End PBXSourcesBuildPhase section */

/* Begin PBXVariantGroup section */
		284401D52626F26C00E01A5B /* Main.storyboard */ = {
			isa = PBXVariantGroup;
			children = (
				284401D62626F26C00E01A5B /* Base */,
			);
			name = Main.storyboard;
			sourceTree = "<group>";
		};
		284401DA2626F26D00E01A5B /* LaunchScreen.storyboard */ = {
			isa = PBXVariantGroup;
			children = (
				284401DB2626F26D00E01A5B /* Base */,
			);
			name = LaunchScreen.storyboard;
			sourceTree = "<group>";
		};
/* End PBXVariantGroup section */

/* Begin XCBuildConfiguration section */
		284401DE2626F26D00E01A5B /* Debug */ = {
			isa = XCBuildConfiguration;
			buildSettings = {
				ALWAYS_SEARCH_USER_PATHS = NO;
				CLANG_ANALYZER_NONNULL = YES;
				CLANG_ANALYZER_NUMBER_OBJECT_CONVERSION = YES_AGGRESSIVE;
				CLANG_CXX_LANGUAGE_STANDARD = "gnu++14";
				CLANG_CXX_LIBRARY = "libc++";
				CLANG_ENABLE_MODULES = YES;
				CLANG_ENABLE_OBJC_ARC = YES;
				CLANG_ENABLE_OBJC_WEAK = YES;
				CLANG_WARN_BLOCK_CAPTURE_AUTORELEASING = YES;
				CLANG_WARN_BOOL_CONVERSION = YES;
				CLANG_WARN_COMMA = YES;
				CLANG_WARN_CONSTANT_CONVERSION = YES;
				CLANG_WARN_DEPRECATED_OBJC_IMPLEMENTATIONS = YES;
				CLANG_WARN_DIRECT_OBJC_ISA_USAGE = YES_ERROR;
				CLANG_WARN_DOCUMENTATION_COMMENTS = YES;
				CLANG_WARN_EMPTY_BODY = YES;
				CLANG_WARN_ENUM_CONVERSION = YES;
				CLANG_WARN_INFINITE_RECURSION = YES;
				CLANG_WARN_INT_CONVERSION = YES;
				CLANG_WARN_NON_LITERAL_NULL_CONVERSION = YES;
				CLANG_WARN_OBJC_IMPLICIT_RETAIN_SELF = YES;
				CLANG_WARN_OBJC_LITERAL_CONVERSION = YES;
				CLANG_WARN_OBJC_ROOT_CLASS = YES_ERROR;
				CLANG_WARN_QUOTED_INCLUDE_IN_FRAMEWORK_HEADER = YES;
				CLANG_WARN_RANGE_LOOP_ANALYSIS = YES;
				CLANG_WARN_STRICT_PROTOTYPES = YES;
				CLANG_WARN_SUSPICIOUS_MOVE = YES;
				CLANG_WARN_UNGUARDED_AVAILABILITY = YES_AGGRESSIVE;
				CLANG_WARN_UNREACHABLE_CODE = YES;
				CLANG_WARN__DUPLICATE_METHOD_MATCH = YES;
				COPY_PHASE_STRIP = NO;
				DEBUG_INFORMATION_FORMAT = dwarf;
				ENABLE_STRICT_OBJC_MSGSEND = YES;
				ENABLE_TESTABILITY = YES;
				GCC_C_LANGUAGE_STANDARD = gnu11;
				GCC_DYNAMIC_NO_PIC = NO;
				GCC_NO_COMMON_BLOCKS = YES;
				GCC_OPTIMIZATION_LEVEL = 0;
				GCC_PREPROCESSOR_DEFINITIONS = (
					"DEBUG=1",
					"$(inherited)",
				);
				GCC_WARN_64_TO_32_BIT_CONVERSION = YES;
				GCC_WARN_ABOUT_RETURN_TYPE = YES_ERROR;
				GCC_WARN_UNDECLARED_SELECTOR = YES;
				GCC_WARN_UNINITIALIZED_AUTOS = YES_AGGRESSIVE;
				GCC_WARN_UNUSED_FUNCTION = YES;
				GCC_WARN_UNUSED_VARIABLE = YES;
				IPHONEOS_DEPLOYMENT_TARGET = 14.4;
				MTL_ENABLE_DEBUG_INFO = INCLUDE_SOURCE;
				MTL_FAST_MATH = YES;
				ONLY_ACTIVE_ARCH = YES;
				SDKROOT = iphoneos;
				SWIFT_ACTIVE_COMPILATION_CONDITIONS = DEBUG;
				SWIFT_OPTIMIZATION_LEVEL = "-Onone";
			};
			name = Debug;
		};
		284401DF2626F26D00E01A5B /* Release */ = {
			isa = XCBuildConfiguration;
			buildSettings = {
				ALWAYS_SEARCH_USER_PATHS = NO;
				CLANG_ANALYZER_NONNULL = YES;
				CLANG_ANALYZER_NUMBER_OBJECT_CONVERSION = YES_AGGRESSIVE;
				CLANG_CXX_LANGUAGE_STANDARD = "gnu++14";
				CLANG_CXX_LIBRARY = "libc++";
				CLANG_ENABLE_MODULES = YES;
				CLANG_ENABLE_OBJC_ARC = YES;
				CLANG_ENABLE_OBJC_WEAK = YES;
				CLANG_WARN_BLOCK_CAPTURE_AUTORELEASING = YES;
				CLANG_WARN_BOOL_CONVERSION = YES;
				CLANG_WARN_COMMA = YES;
				CLANG_WARN_CONSTANT_CONVERSION = YES;
				CLANG_WARN_DEPRECATED_OBJC_IMPLEMENTATIONS = YES;
				CLANG_WARN_DIRECT_OBJC_ISA_USAGE = YES_ERROR;
				CLANG_WARN_DOCUMENTATION_COMMENTS = YES;
				CLANG_WARN_EMPTY_BODY = YES;
				CLANG_WARN_ENUM_CONVERSION = YES;
				CLANG_WARN_INFINITE_RECURSION = YES;
				CLANG_WARN_INT_CONVERSION = YES;
				CLANG_WARN_NON_LITERAL_NULL_CONVERSION = YES;
				CLANG_WARN_OBJC_IMPLICIT_RETAIN_SELF = YES;
				CLANG_WARN_OBJC_LITERAL_CONVERSION = YES;
				CLANG_WARN_OBJC_ROOT_CLASS = YES_ERROR;
				CLANG_WARN_QUOTED_INCLUDE_IN_FRAMEWORK_HEADER = YES;
				CLANG_WARN_RANGE_LOOP_ANALYSIS = YES;
				CLANG_WARN_STRICT_PROTOTYPES = YES;
				CLANG_WARN_SUSPICIOUS_MOVE = YES;
				CLANG_WARN_UNGUARDED_AVAILABILITY = YES_AGGRESSIVE;
				CLANG_WARN_UNREACHABLE_CODE = YES;
				CLANG_WARN__DUPLICATE_METHOD_MATCH = YES;
				COPY_PHASE_STRIP = NO;
				DEBUG_INFORMATION_FORMAT = "dwarf-with-dsym";
				ENABLE_NS_ASSERTIONS = NO;
				ENABLE_STRICT_OBJC_MSGSEND = YES;
				GCC_C_LANGUAGE_STANDARD = gnu11;
				GCC_NO_COMMON_BLOCKS = YES;
				GCC_WARN_64_TO_32_BIT_CONVERSION = YES;
				GCC_WARN_ABOUT_RETURN_TYPE = YES_ERROR;
				GCC_WARN_UNDECLARED_SELECTOR = YES;
				GCC_WARN_UNINITIALIZED_AUTOS = YES_AGGRESSIVE;
				GCC_WARN_UNUSED_FUNCTION = YES;
				GCC_WARN_UNUSED_VARIABLE = YES;
				IPHONEOS_DEPLOYMENT_TARGET = 14.4;
				MTL_ENABLE_DEBUG_INFO = NO;
				MTL_FAST_MATH = YES;
				SDKROOT = iphoneos;
				SWIFT_COMPILATION_MODE = wholemodule;
				SWIFT_OPTIMIZATION_LEVEL = "-O";
				VALIDATE_PRODUCT = YES;
			};
			name = Release;
		};
		284401E12626F26D00E01A5B /* Debug */ = {
			isa = XCBuildConfiguration;
			buildSettings = {
				ASSETCATALOG_COMPILER_APPICON_NAME = AppIcon;
				ASSETCATALOG_COMPILER_GLOBAL_ACCENT_COLOR_NAME = AccentColor;
				CODE_SIGN_STYLE = Automatic;
				DEVELOPMENT_TEAM = 6P96P67U8G;
				INFOPLIST_FILE = ContactList/Supporting/Info.plist;
				LD_RUNPATH_SEARCH_PATHS = (
					"$(inherited)",
					"@executable_path/Frameworks",
				);
				PRODUCT_BUNDLE_IDENTIFIER = ru.developer.alexrybachev.ContactList;
				PRODUCT_NAME = "$(TARGET_NAME)";
				SWIFT_VERSION = 5.0;
				TARGETED_DEVICE_FAMILY = 1;
			};
			name = Debug;
		};
		284401E22626F26D00E01A5B /* Release */ = {
			isa = XCBuildConfiguration;
			buildSettings = {
				ASSETCATALOG_COMPILER_APPICON_NAME = AppIcon;
				ASSETCATALOG_COMPILER_GLOBAL_ACCENT_COLOR_NAME = AccentColor;
				CODE_SIGN_STYLE = Automatic;
				DEVELOPMENT_TEAM = 6P96P67U8G;
				INFOPLIST_FILE = ContactList/Supporting/Info.plist;
				LD_RUNPATH_SEARCH_PATHS = (
					"$(inherited)",
					"@executable_path/Frameworks",
				);
				PRODUCT_BUNDLE_IDENTIFIER = ru.developer.alexrybachev.ContactList;
				PRODUCT_NAME = "$(TARGET_NAME)";
				SWIFT_VERSION = 5.0;
				TARGETED_DEVICE_FAMILY = 1;
			};
			name = Release;
		};
/* End XCBuildConfiguration section */

/* Begin XCConfigurationList section */
		284401C72626F26C00E01A5B /* Build configuration list for PBXProject "ContactList" */ = {
			isa = XCConfigurationList;
			buildConfigurations = (
				284401DE2626F26D00E01A5B /* Debug */,
				284401DF2626F26D00E01A5B /* Release */,
			);
			defaultConfigurationIsVisible = 0;
			defaultConfigurationName = Release;
		};
		284401E02626F26D00E01A5B /* Build configuration list for PBXNativeTarget "ContactList" */ = {
			isa = XCConfigurationList;
			buildConfigurations = (
				284401E12626F26D00E01A5B /* Debug */,
				284401E22626F26D00E01A5B /* Release */,
			);
			defaultConfigurationIsVisible = 0;
			defaultConfigurationName = Release;
		};
/* End XCConfigurationList section */
	};
	rootObject = 284401C42626F26C00E01A5B /* Project object */;
}
